// !$*UTF8*$!
{
	archiveVersion = 1;
	classes = {
	};
	objectVersion = 46;
	objects = {

/* Begin PBXBuildFile section */
		F4F723C31C127477006FE369 /* main.m in Sources */ = {isa = PBXBuildFile; fileRef = F4F723C21C127477006FE369 /* main.m */; };
		F4F723C61C127477006FE369 /* AppDelegate.m in Sources */ = {isa = PBXBuildFile; fileRef = F4F723C51C127477006FE369 /* AppDelegate.m */; };
		F4F723C91C127477006FE369 /* ViewController.m in Sources */ = {isa = PBXBuildFile; fileRef = F4F723C81C127477006FE369 /* ViewController.m */; };
		F4F723CC1C127477006FE369 /* Main.storyboard in Resources */ = {isa = PBXBuildFile; fileRef = F4F723CA1C127477006FE369 /* Main.storyboard */; };
		F4F723CF1C127477006FE369 /* ShitSoCash.xcdatamodeld in Sources */ = {isa = PBXBuildFile; fileRef = F4F723CD1C127477006FE369 /* ShitSoCash.xcdatamodeld */; };
		F4F723D11C127477006FE369 /* Assets.xcassets in Resources */ = {isa = PBXBuildFile; fileRef = F4F723D01C127477006FE369 /* Assets.xcassets */; };
		F4F723D41C127477006FE369 /* LaunchScreen.storyboard in Resources */ = {isa = PBXBuildFile; fileRef = F4F723D21C127477006FE369 /* LaunchScreen.storyboard */; };
		F4F723DF1C127477006FE369 /* ShitSoCashTests.m in Sources */ = {isa = PBXBuildFile; fileRef = F4F723DE1C127477006FE369 /* ShitSoCashTests.m */; };
		F4F723EA1C127477006FE369 /* ShitSoCashUITests.m in Sources */ = {isa = PBXBuildFile; fileRef = F4F723E91C127477006FE369 /* ShitSoCashUITests.m */; };
		F4F723F91C127F21006FE369 /* SSCPoopListViewController.m in Sources */ = {isa = PBXBuildFile; fileRef = F4F723F81C127F21006FE369 /* SSCPoopListViewController.m */; };
		F4F723FD1C128043006FE369 /* SSCListPoopCollectionViewDataController.m in Sources */ = {isa = PBXBuildFile; fileRef = F4F723FC1C128043006FE369 /* SSCListPoopCollectionViewDataController.m */; };
/* End PBXBuildFile section */

/* Begin PBXContainerItemProxy section */
		F4F723DB1C127477006FE369 /* PBXContainerItemProxy */ = {
			isa = PBXContainerItemProxy;
			containerPortal = F4F723B61C127477006FE369 /* Project object */;
			proxyType = 1;
			remoteGlobalIDString = F4F723BD1C127477006FE369;
			remoteInfo = ShitSoCash;
		};
		F4F723E61C127477006FE369 /* PBXContainerItemProxy */ = {
			isa = PBXContainerItemProxy;
			containerPortal = F4F723B61C127477006FE369 /* Project object */;
			proxyType = 1;
			remoteGlobalIDString = F4F723BD1C127477006FE369;
			remoteInfo = ShitSoCash;
		};
/* End PBXContainerItemProxy section */

/* Begin PBXFileReference section */
		F4F723BE1C127477006FE369 /* ShitSoCash.app */ = {isa = PBXFileReference; explicitFileType = wrapper.application; includeInIndex = 0; path = ShitSoCash.app; sourceTree = BUILT_PRODUCTS_DIR; };
		F4F723C21C127477006FE369 /* main.m */ = {isa = PBXFileReference; lastKnownFileType = sourcecode.c.objc; path = main.m; sourceTree = "<group>"; };
		F4F723C41C127477006FE369 /* AppDelegate.h */ = {isa = PBXFileReference; lastKnownFileType = sourcecode.c.h; path = AppDelegate.h; sourceTree = "<group>"; };
		F4F723C51C127477006FE369 /* AppDelegate.m */ = {isa = PBXFileReference; lastKnownFileType = sourcecode.c.objc; path = AppDelegate.m; sourceTree = "<group>"; };
		F4F723C71C127477006FE369 /* ViewController.h */ = {isa = PBXFileReference; lastKnownFileType = sourcecode.c.h; path = ViewController.h; sourceTree = "<group>"; };
		F4F723C81C127477006FE369 /* ViewController.m */ = {isa = PBXFileReference; lastKnownFileType = sourcecode.c.objc; path = ViewController.m; sourceTree = "<group>"; };
		F4F723CB1C127477006FE369 /* Base */ = {isa = PBXFileReference; lastKnownFileType = file.storyboard; name = Base; path = Base.lproj/Main.storyboard; sourceTree = "<group>"; };
		F4F723CE1C127477006FE369 /* ShitSoCash.xcdatamodel */ = {isa = PBXFileReference; lastKnownFileType = wrapper.xcdatamodel; path = ShitSoCash.xcdatamodel; sourceTree = "<group>"; };
		F4F723D01C127477006FE369 /* Assets.xcassets */ = {isa = PBXFileReference; lastKnownFileType = folder.assetcatalog; path = Assets.xcassets; sourceTree = "<group>"; };
		F4F723D31C127477006FE369 /* Base */ = {isa = PBXFileReference; lastKnownFileType = file.storyboard; name = Base; path = Base.lproj/LaunchScreen.storyboard; sourceTree = "<group>"; };
		F4F723D51C127477006FE369 /* Info.plist */ = {isa = PBXFileReference; lastKnownFileType = text.plist.xml; path = Info.plist; sourceTree = "<group>"; };
		F4F723DA1C127477006FE369 /* ShitSoCashTests.xctest */ = {isa = PBXFileReference; explicitFileType = wrapper.cfbundle; includeInIndex = 0; path = ShitSoCashTests.xctest; sourceTree = BUILT_PRODUCTS_DIR; };
		F4F723DE1C127477006FE369 /* ShitSoCashTests.m */ = {isa = PBXFileReference; lastKnownFileType = sourcecode.c.objc; path = ShitSoCashTests.m; sourceTree = "<group>"; };
		F4F723E01C127477006FE369 /* Info.plist */ = {isa = PBXFileReference; lastKnownFileType = text.plist.xml; path = Info.plist; sourceTree = "<group>"; };
		F4F723E51C127477006FE369 /* ShitSoCashUITests.xctest */ = {isa = PBXFileReference; explicitFileType = wrapper.cfbundle; includeInIndex = 0; path = ShitSoCashUITests.xctest; sourceTree = BUILT_PRODUCTS_DIR; };
		F4F723E91C127477006FE369 /* ShitSoCashUITests.m */ = {isa = PBXFileReference; lastKnownFileType = sourcecode.c.objc; path = ShitSoCashUITests.m; sourceTree = "<group>"; };
		F4F723EB1C127477006FE369 /* Info.plist */ = {isa = PBXFileReference; lastKnownFileType = text.plist.xml; path = Info.plist; sourceTree = "<group>"; };
		F4F723F71C127F21006FE369 /* SSCPoopListViewController.h */ = {isa = PBXFileReference; fileEncoding = 4; lastKnownFileType = sourcecode.c.h; name = SSCPoopListViewController.h; path = ListAndAdd/SSCPoopListViewController.h; sourceTree = "<group>"; };
		F4F723F81C127F21006FE369 /* SSCPoopListViewController.m */ = {isa = PBXFileReference; fileEncoding = 4; lastKnownFileType = sourcecode.c.objc; name = SSCPoopListViewController.m; path = ListAndAdd/SSCPoopListViewController.m; sourceTree = "<group>"; };
		F4F723FB1C128043006FE369 /* SSCListPoopCollectionViewDataController.h */ = {isa = PBXFileReference; fileEncoding = 4; lastKnownFileType = sourcecode.c.h; name = SSCListPoopCollectionViewDataController.h; path = ListAndAdd/SSCListPoopCollectionViewDataController.h; sourceTree = "<group>"; };
		F4F723FC1C128043006FE369 /* SSCListPoopCollectionViewDataController.m */ = {isa = PBXFileReference; fileEncoding = 4; lastKnownFileType = sourcecode.c.objc; name = SSCListPoopCollectionViewDataController.m; path = ListAndAdd/SSCListPoopCollectionViewDataController.m; sourceTree = "<group>"; };
		F4F723FE1C1280AF006FE369 /* PrefixHeader.pch */ = {isa = PBXFileReference; lastKnownFileType = sourcecode.c.h; path = PrefixHeader.pch; sourceTree = "<group>"; };
/* End PBXFileReference section */

/* Begin PBXFrameworksBuildPhase section */
		F4F723BB1C127477006FE369 /* Frameworks */ = {
			isa = PBXFrameworksBuildPhase;
			buildActionMask = 2147483647;
			files = (
			);
			runOnlyForDeploymentPostprocessing = 0;
		};
		F4F723D71C127477006FE369 /* Frameworks */ = {
			isa = PBXFrameworksBuildPhase;
			buildActionMask = 2147483647;
			files = (
			);
			runOnlyForDeploymentPostprocessing = 0;
		};
		F4F723E21C127477006FE369 /* Frameworks */ = {
			isa = PBXFrameworksBuildPhase;
			buildActionMask = 2147483647;
			files = (
			);
			runOnlyForDeploymentPostprocessing = 0;
		};
/* End PBXFrameworksBuildPhase section */

/* Begin PBXGroup section */
		F4F723B51C127477006FE369 = {
			isa = PBXGroup;
			children = (
				F4F723C01C127477006FE369 /* ShitSoCash */,
				F4F723DD1C127477006FE369 /* ShitSoCashTests */,
				F4F723E81C127477006FE369 /* ShitSoCashUITests */,
				F4F723BF1C127477006FE369 /* Products */,
			);
			sourceTree = "<group>";
		};
		F4F723BF1C127477006FE369 /* Products */ = {
			isa = PBXGroup;
			children = (
				F4F723BE1C127477006FE369 /* ShitSoCash.app */,
				F4F723DA1C127477006FE369 /* ShitSoCashTests.xctest */,
				F4F723E51C127477006FE369 /* ShitSoCashUITests.xctest */,
			);
			name = Products;
			sourceTree = "<group>";
		};
		F4F723C01C127477006FE369 /* ShitSoCash */ = {
			isa = PBXGroup;
			children = (
				F4F723C41C127477006FE369 /* AppDelegate.h */,
				F4F723C51C127477006FE369 /* AppDelegate.m */,
				F4F723C71C127477006FE369 /* ViewController.h */,
				F4F723C81C127477006FE369 /* ViewController.m */,
				F4F723CA1C127477006FE369 /* Main.storyboard */,
				F4F723D01C127477006FE369 /* Assets.xcassets */,
				F4F723D21C127477006FE369 /* LaunchScreen.storyboard */,
				F4F723D51C127477006FE369 /* Info.plist */,
				F4F723CD1C127477006FE369 /* ShitSoCash.xcdatamodeld */,
				F4F723C11C127477006FE369 /* Supporting Files */,
				F4F723FA1C127FFA006FE369 /* ListAndAddPoop */,
				F4F723FE1C1280AF006FE369 /* PrefixHeader.pch */,
			);
			path = ShitSoCash;
			sourceTree = "<group>";
		};
		F4F723C11C127477006FE369 /* Supporting Files */ = {
			isa = PBXGroup;
			children = (
				F4F723C21C127477006FE369 /* main.m */,
			);
			name = "Supporting Files";
			sourceTree = "<group>";
		};
		F4F723DD1C127477006FE369 /* ShitSoCashTests */ = {
			isa = PBXGroup;
			children = (
				F4F723DE1C127477006FE369 /* ShitSoCashTests.m */,
				F4F723E01C127477006FE369 /* Info.plist */,
			);
			path = ShitSoCashTests;
			sourceTree = "<group>";
		};
		F4F723E81C127477006FE369 /* ShitSoCashUITests */ = {
			isa = PBXGroup;
			children = (
				F4F723E91C127477006FE369 /* ShitSoCashUITests.m */,
				F4F723EB1C127477006FE369 /* Info.plist */,
			);
			path = ShitSoCashUITests;
			sourceTree = "<group>";
		};
		F4F723FA1C127FFA006FE369 /* ListAndAddPoop */ = {
			isa = PBXGroup;
			children = (
				F4F723F71C127F21006FE369 /* SSCPoopListViewController.h */,
				F4F723F81C127F21006FE369 /* SSCPoopListViewController.m */,
				F4F723FB1C128043006FE369 /* SSCListPoopCollectionViewDataController.h */,
				F4F723FC1C128043006FE369 /* SSCListPoopCollectionViewDataController.m */,
			);
			name = ListAndAddPoop;
			sourceTree = "<group>";
		};
/* End PBXGroup section */

/* Begin PBXNativeTarget section */
		F4F723BD1C127477006FE369 /* ShitSoCash */ = {
			isa = PBXNativeTarget;
			buildConfigurationList = F4F723EE1C127477006FE369 /* Build configuration list for PBXNativeTarget "ShitSoCash" */;
			buildPhases = (
				F4F723BA1C127477006FE369 /* Sources */,
				F4F723BB1C127477006FE369 /* Frameworks */,
				F4F723BC1C127477006FE369 /* Resources */,
			);
			buildRules = (
			);
			dependencies = (
			);
			name = ShitSoCash;
			productName = ShitSoCash;
			productReference = F4F723BE1C127477006FE369 /* ShitSoCash.app */;
			productType = "com.apple.product-type.application";
		};
		F4F723D91C127477006FE369 /* ShitSoCashTests */ = {
			isa = PBXNativeTarget;
			buildConfigurationList = F4F723F11C127477006FE369 /* Build configuration list for PBXNativeTarget "ShitSoCashTests" */;
			buildPhases = (
				F4F723D61C127477006FE369 /* Sources */,
				F4F723D71C127477006FE369 /* Frameworks */,
				F4F723D81C127477006FE369 /* Resources */,
			);
			buildRules = (
			);
			dependencies = (
				F4F723DC1C127477006FE369 /* PBXTargetDependency */,
			);
			name = ShitSoCashTests;
			productName = ShitSoCashTests;
			productReference = F4F723DA1C127477006FE369 /* ShitSoCashTests.xctest */;
			productType = "com.apple.product-type.bundle.unit-test";
		};
		F4F723E41C127477006FE369 /* ShitSoCashUITests */ = {
			isa = PBXNativeTarget;
			buildConfigurationList = F4F723F41C127477006FE369 /* Build configuration list for PBXNativeTarget "ShitSoCashUITests" */;
			buildPhases = (
				F4F723E11C127477006FE369 /* Sources */,
				F4F723E21C127477006FE369 /* Frameworks */,
				F4F723E31C127477006FE369 /* Resources */,
			);
			buildRules = (
			);
			dependencies = (
				F4F723E71C127477006FE369 /* PBXTargetDependency */,
			);
			name = ShitSoCashUITests;
			productName = ShitSoCashUITests;
			productReference = F4F723E51C127477006FE369 /* ShitSoCashUITests.xctest */;
			productType = "com.apple.product-type.bundle.ui-testing";
		};
/* End PBXNativeTarget section */

/* Begin PBXProject section */
		F4F723B61C127477006FE369 /* Project object */ = {
			isa = PBXProject;
			attributes = {
				LastUpgradeCheck = 0710;
				ORGANIZATIONNAME = "Josh & Alex";
				TargetAttributes = {
					F4F723BD1C127477006FE369 = {
						CreatedOnToolsVersion = 7.1.1;
					};
					F4F723D91C127477006FE369 = {
						CreatedOnToolsVersion = 7.1.1;
						TestTargetID = F4F723BD1C127477006FE369;
					};
					F4F723E41C127477006FE369 = {
						CreatedOnToolsVersion = 7.1.1;
						TestTargetID = F4F723BD1C127477006FE369;
					};
				};
			};
			buildConfigurationList = F4F723B91C127477006FE369 /* Build configuration list for PBXProject "ShitSoCash" */;
			compatibilityVersion = "Xcode 3.2";
			developmentRegion = English;
			hasScannedForEncodings = 0;
			knownRegions = (
				en,
				Base,
			);
			mainGroup = F4F723B51C127477006FE369;
			productRefGroup = F4F723BF1C127477006FE369 /* Products */;
			projectDirPath = "";
			projectRoot = "";
			targets = (
				F4F723BD1C127477006FE369 /* ShitSoCash */,
				F4F723D91C127477006FE369 /* ShitSoCashTests */,
				F4F723E41C127477006FE369 /* ShitSoCashUITests */,
			);
		};
/* End PBXProject section */

/* Begin PBXResourcesBuildPhase section */
		F4F723BC1C127477006FE369 /* Resources */ = {
			isa = PBXResourcesBuildPhase;
			buildActionMask = 2147483647;
			files = (
				F4F723D41C127477006FE369 /* LaunchScreen.storyboard in Resources */,
				F4F723D11C127477006FE369 /* Assets.xcassets in Resources */,
				F4F723CC1C127477006FE369 /* Main.storyboard in Resources */,
			);
			runOnlyForDeploymentPostprocessing = 0;
		};
		F4F723D81C127477006FE369 /* Resources */ = {
			isa = PBXResourcesBuildPhase;
			buildActionMask = 2147483647;
			files = (
			);
			runOnlyForDeploymentPostprocessing = 0;
		};
		F4F723E31C127477006FE369 /* Resources */ = {
			isa = PBXResourcesBuildPhase;
			buildActionMask = 2147483647;
			files = (
			);
			runOnlyForDeploymentPostprocessing = 0;
		};
/* End PBXResourcesBuildPhase section */

/* Begin PBXSourcesBuildPhase section */
		F4F723BA1C127477006FE369 /* Sources */ = {
			isa = PBXSourcesBuildPhase;
			buildActionMask = 2147483647;
			files = (
				F4F723CF1C127477006FE369 /* ShitSoCash.xcdatamodeld in Sources */,
				F4F723C91C127477006FE369 /* ViewController.m in Sources */,
				F4F723FD1C128043006FE369 /* SSCListPoopCollectionViewDataController.m in Sources */,
				F4F723F91C127F21006FE369 /* SSCPoopListViewController.m in Sources */,
				F4F723C61C127477006FE369 /* AppDelegate.m in Sources */,
				F4F723C31C127477006FE369 /* main.m in Sources */,
			);
			runOnlyForDeploymentPostprocessing = 0;
		};
		F4F723D61C127477006FE369 /* Sources */ = {
			isa = PBXSourcesBuildPhase;
			buildActionMask = 2147483647;
			files = (
				F4F723DF1C127477006FE369 /* ShitSoCashTests.m in Sources */,
			);
			runOnlyForDeploymentPostprocessing = 0;
		};
		F4F723E11C127477006FE369 /* Sources */ = {
			isa = PBXSourcesBuildPhase;
			buildActionMask = 2147483647;
			files = (
				F4F723EA1C127477006FE369 /* ShitSoCashUITests.m in Sources */,
			);
			runOnlyForDeploymentPostprocessing = 0;
		};
/* End PBXSourcesBuildPhase section */

/* Begin PBXTargetDependency section */
		F4F723DC1C127477006FE369 /* PBXTargetDependency */ = {
			isa = PBXTargetDependency;
			target = F4F723BD1C127477006FE369 /* ShitSoCash */;
			targetProxy = F4F723DB1C127477006FE369 /* PBXContainerItemProxy */;
		};
		F4F723E71C127477006FE369 /* PBXTargetDependency */ = {
			isa = PBXTargetDependency;
			target = F4F723BD1C127477006FE369 /* ShitSoCash */;
			targetProxy = F4F723E61C127477006FE369 /* PBXContainerItemProxy */;
		};
/* End PBXTargetDependency section */

/* Begin PBXVariantGroup section */
		F4F723CA1C127477006FE369 /* Main.storyboard */ = {
			isa = PBXVariantGroup;
			children = (
				F4F723CB1C127477006FE369 /* Base */,
			);
			name = Main.storyboard;
			sourceTree = "<group>";
		};
		F4F723D21C127477006FE369 /* LaunchScreen.storyboard */ = {
			isa = PBXVariantGroup;
			children = (
				F4F723D31C127477006FE369 /* Base */,
			);
			name = LaunchScreen.storyboard;
			sourceTree = "<group>";
		};
/* End PBXVariantGroup section */

/* Begin XCBuildConfiguration section */
		F4F723EC1C127477006FE369 /* Debug */ = {
			isa = XCBuildConfiguration;
			buildSettings = {
				ALWAYS_SEARCH_USER_PATHS = NO;
				CLANG_CXX_LANGUAGE_STANDARD = "gnu++0x";
				CLANG_CXX_LIBRARY = "libc++";
				CLANG_ENABLE_MODULES = YES;
				CLANG_ENABLE_OBJC_ARC = YES;
				CLANG_WARN_BOOL_CONVERSION = YES;
				CLANG_WARN_CONSTANT_CONVERSION = YES;
				CLANG_WARN_DIRECT_OBJC_ISA_USAGE = YES_ERROR;
				CLANG_WARN_EMPTY_BODY = YES;
				CLANG_WARN_ENUM_CONVERSION = YES;
				CLANG_WARN_INT_CONVERSION = YES;
				CLANG_WARN_OBJC_ROOT_CLASS = YES_ERROR;
				CLANG_WARN_UNREACHABLE_CODE = YES;
				CLANG_WARN__DUPLICATE_METHOD_MATCH = YES;
				"CODE_SIGN_IDENTITY[sdk=iphoneos*]" = "iPhone Developer";
				COPY_PHASE_STRIP = NO;
				DEBUG_INFORMATION_FORMAT = dwarf;
				ENABLE_STRICT_OBJC_MSGSEND = YES;
				ENABLE_TESTABILITY = YES;
				GCC_C_LANGUAGE_STANDARD = gnu99;
				GCC_DYNAMIC_NO_PIC = NO;
				GCC_NO_COMMON_BLOCKS = YES;
				GCC_OPTIMIZATION_LEVEL = 0;
				GCC_PREPROCESSOR_DEFINITIONS = (
					"DEBUG=1",
					"$(inherited)",
				);
				GCC_WARN_64_TO_32_BIT_CONVERSION = YES;
				GCC_WARN_ABOUT_RETURN_TYPE = YES_ERROR;
				GCC_WARN_UNDECLARED_SELECTOR = YES;
				GCC_WARN_UNINITIALIZED_AUTOS = YES_AGGRESSIVE;
				GCC_WARN_UNUSED_FUNCTION = YES;
				GCC_WARN_UNUSED_VARIABLE = YES;
				IPHONEOS_DEPLOYMENT_TARGET = 9.1;
				MTL_ENABLE_DEBUG_INFO = YES;
				ONLY_ACTIVE_ARCH = YES;
				SDKROOT = iphoneos;
			};
			name = Debug;
		};
		F4F723ED1C127477006FE369 /* Release */ = {
			isa = XCBuildConfiguration;
			buildSettings = {
				ALWAYS_SEARCH_USER_PATHS = NO;
				CLANG_CXX_LANGUAGE_STANDARD = "gnu++0x";
				CLANG_CXX_LIBRARY = "libc++";
				CLANG_ENABLE_MODULES = YES;
				CLANG_ENABLE_OBJC_ARC = YES;
				CLANG_WARN_BOOL_CONVERSION = YES;
				CLANG_WARN_CONSTANT_CONVERSION = YES;
				CLANG_WARN_DIRECT_OBJC_ISA_USAGE = YES_ERROR;
				CLANG_WARN_EMPTY_BODY = YES;
				CLANG_WARN_ENUM_CONVERSION = YES;
				CLANG_WARN_INT_CONVERSION = YES;
				CLANG_WARN_OBJC_ROOT_CLASS = YES_ERROR;
				CLANG_WARN_UNREACHABLE_CODE = YES;
				CLANG_WARN__DUPLICATE_METHOD_MATCH = YES;
				"CODE_SIGN_IDENTITY[sdk=iphoneos*]" = "iPhone Developer";
				COPY_PHASE_STRIP = NO;
				DEBUG_INFORMATION_FORMAT = "dwarf-with-dsym";
				ENABLE_NS_ASSERTIONS = NO;
				ENABLE_STRICT_OBJC_MSGSEND = YES;
				GCC_C_LANGUAGE_STANDARD = gnu99;
				GCC_NO_COMMON_BLOCKS = YES;
				GCC_WARN_64_TO_32_BIT_CONVERSION = YES;
				GCC_WARN_ABOUT_RETURN_TYPE = YES_ERROR;
				GCC_WARN_UNDECLARED_SELECTOR = YES;
				GCC_WARN_UNINITIALIZED_AUTOS = YES_AGGRESSIVE;
				GCC_WARN_UNUSED_FUNCTION = YES;
				GCC_WARN_UNUSED_VARIABLE = YES;
				IPHONEOS_DEPLOYMENT_TARGET = 9.1;
				MTL_ENABLE_DEBUG_INFO = NO;
				SDKROOT = iphoneos;
				VALIDATE_PRODUCT = YES;
			};
			name = Release;
		};
		F4F723EF1C127477006FE369 /* Debug */ = {
			isa = XCBuildConfiguration;
			buildSettings = {
				ASSETCATALOG_COMPILER_APPICON_NAME = AppIcon;
				GCC_PRECOMPILE_PREFIX_HEADER = YES;
				GCC_PREFIX_HEADER = "$(SRCROOT)/PrefixHeader.pch";
				INFOPLIST_FILE = ShitSoCash/Info.plist;
				LD_RUNPATH_SEARCH_PATHS = "$(inherited) @executable_path/Frameworks";
				PRODUCT_BUNDLE_IDENTIFIER = SSC.ShitSoCash;
				PRODUCT_NAME = "$(TARGET_NAME)";
			};
			name = Debug;
		};
		F4F723F01C127477006FE369 /* Release */ = {
			isa = XCBuildConfiguration;
			buildSettings = {
				ASSETCATALOG_COMPILER_APPICON_NAME = AppIcon;
				GCC_PRECOMPILE_PREFIX_HEADER = YES;
				GCC_PREFIX_HEADER = "$(SRCROOT)/PrefixHeader.pch";
				INFOPLIST_FILE = ShitSoCash/Info.plist;
				LD_RUNPATH_SEARCH_PATHS = "$(inherited) @executable_path/Frameworks";
				PRODUCT_BUNDLE_IDENTIFIER = SSC.ShitSoCash;
				PRODUCT_NAME = "$(TARGET_NAME)";
			};
			name = Release;
		};
		F4F723F21C127477006FE369 /* Debug */ = {
			isa = XCBuildConfiguration;
			buildSettings = {
				BUNDLE_LOADER = "$(TEST_HOST)";
				INFOPLIST_FILE = ShitSoCashTests/Info.plist;
				LD_RUNPATH_SEARCH_PATHS = "$(inherited) @executable_path/Frameworks @loader_path/Frameworks";
				PRODUCT_BUNDLE_IDENTIFIER = SSC.ShitSoCashTests;
				PRODUCT_NAME = "$(TARGET_NAME)";
				TEST_HOST = "$(BUILT_PRODUCTS_DIR)/ShitSoCash.app/ShitSoCash";
			};
			name = Debug;
		};
		F4F723F31C127477006FE369 /* Release */ = {
			isa = XCBuildConfiguration;
			buildSettings = {
				BUNDLE_LOADER = "$(TEST_HOST)";
				INFOPLIST_FILE = ShitSoCashTests/Info.plist;
				LD_RUNPATH_SEARCH_PATHS = "$(inherited) @executable_path/Frameworks @loader_path/Frameworks";
				PRODUCT_BUNDLE_IDENTIFIER = SSC.ShitSoCashTests;
				PRODUCT_NAME = "$(TARGET_NAME)";
				TEST_HOST = "$(BUILT_PRODUCTS_DIR)/ShitSoCash.app/ShitSoCash";
			};
			name = Release;
		};
		F4F723F51C127477006FE369 /* Debug */ = {
			isa = XCBuildConfiguration;
			buildSettings = {
				INFOPLIST_FILE = ShitSoCashUITests/Info.plist;
				LD_RUNPATH_SEARCH_PATHS = "$(inherited) @executable_path/Frameworks @loader_path/Frameworks";
				PRODUCT_BUNDLE_IDENTIFIER = SSC.ShitSoCashUITests;
				PRODUCT_NAME = "$(TARGET_NAME)";
				TEST_TARGET_NAME = ShitSoCash;
				USES_XCTRUNNER = YES;
			};
			name = Debug;
		};
		F4F723F61C127477006FE369 /* Release */ = {
			isa = XCBuildConfiguration;
			buildSettings = {
				INFOPLIST_FILE = ShitSoCashUITests/Info.plist;
				LD_RUNPATH_SEARCH_PATHS = "$(inherited) @executable_path/Frameworks @loader_path/Frameworks";
				PRODUCT_BUNDLE_IDENTIFIER = SSC.ShitSoCashUITests;
				PRODUCT_NAME = "$(TARGET_NAME)";
				TEST_TARGET_NAME = ShitSoCash;
				USES_XCTRUNNER = YES;
			};
			name = Release;
		};
/* End XCBuildConfiguration section */

/* Begin XCConfigurationList section */
		F4F723B91C127477006FE369 /* Build configuration list for PBXProject "ShitSoCash" */ = {
			isa = XCConfigurationList;
			buildConfigurations = (
				F4F723EC1C127477006FE369 /* Debug */,
				F4F723ED1C127477006FE369 /* Release */,
			);
			defaultConfigurationIsVisible = 0;
			defaultConfigurationName = Release;
		};
		F4F723EE1C127477006FE369 /* Build configuration list for PBXNativeTarget "ShitSoCash" */ = {
			isa = XCConfigurationList;
			buildConfigurations = (
				F4F723EF1C127477006FE369 /* Debug */,
				F4F723F01C127477006FE369 /* Release */,
			);
			defaultConfigurationIsVisible = 0;
		};
		F4F723F11C127477006FE369 /* Build configuration list for PBXNativeTarget "ShitSoCashTests" */ = {
			isa = XCConfigurationList;
			buildConfigurations = (
				F4F723F21C127477006FE369 /* Debug */,
				F4F723F31C127477006FE369 /* Release */,
			);
			defaultConfigurationIsVisible = 0;
		};
		F4F723F41C127477006FE369 /* Build configuration list for PBXNativeTarget "ShitSoCashUITests" */ = {
			isa = XCConfigurationList;
			buildConfigurations = (
				F4F723F51C127477006FE369 /* Debug */,
				F4F723F61C127477006FE369 /* Release */,
			);
			defaultConfigurationIsVisible = 0;
		};
/* End XCConfigurationList section */

/* Begin XCVersionGroup section */
		F4F723CD1C127477006FE369 /* ShitSoCash.xcdatamodeld */ = {
			isa = XCVersionGroup;
			children = (
				F4F723CE1C127477006FE369 /* ShitSoCash.xcdatamodel */,
			);
			currentVersion = F4F723CE1C127477006FE369 /* ShitSoCash.xcdatamodel */;
			path = ShitSoCash.xcdatamodeld;
			sourceTree = "<group>";
			versionGroupType = wrapper.xcdatamodel;
		};
/* End XCVersionGroup section */
	};
	rootObject = F4F723B61C127477006FE369 /* Project object */;
}
